
Microsoft Visual Studio Solution File, Format Version 12.00
# Visual Studio 15
VisualStudioVersion = 15.0.28010.2041
MinimumVisualStudioVersion = 10.0.40219.1
Project("{FAE04EC0-301F-11D3-BF4B-00C04F79EFBC}") = "fire-detecting-system", "fire-detecting-system\fire-detecting-system.csproj", "{67C842F3-8C93-4016-8F36-033DB2BA27E4}"
EndProject
Project("{FAE04EC0-301F-11D3-BF4B-00C04F79EFBC}") = "ExternalServices", "ExternalServices\ExternalServices.csproj", "{AFF3B3EA-313C-44CF-A87A-30193F730E66}"
EndProject
Global
	GlobalSection(SolutionConfigurationPlatforms) = preSolution
		Debug|Any CPU = Debug|Any CPU
		Release|Any CPU = Release|Any CPU
	EndGlobalSection
	GlobalSection(ProjectConfigurationPlatforms) = postSolution
		{67C842F3-8C93-4016-8F36-033DB2BA27E4}.Debug|Any CPU.ActiveCfg = Debug|Any CPU
		{67C842F3-8C93-4016-8F36-033DB2BA27E4}.Debug|Any CPU.Build.0 = Debug|Any CPU
		{67C842F3-8C93-4016-8F36-033DB2BA27E4}.Release|Any CPU.ActiveCfg = Release|Any CPU
		{67C842F3-8C93-4016-8F36-033DB2BA27E4}.Release|Any CPU.Build.0 = Release|Any CPU
		{AFF3B3EA-313C-44CF-A87A-30193F730E66}.Debug|Any CPU.ActiveCfg = Debug|Any CPU
		{AFF3B3EA-313C-44CF-A87A-30193F730E66}.Debug|Any CPU.Build.0 = Debug|Any CPU
		{AFF3B3EA-313C-44CF-A87A-30193F730E66}.Release|Any CPU.ActiveCfg = Release|Any CPU
		{AFF3B3EA-313C-44CF-A87A-30193F730E66}.Release|Any CPU.Build.0 = Release|Any CPU
	EndGlobalSection
	GlobalSection(SolutionProperties) = preSolution
		HideSolutionNode = FALSE
	EndGlobalSection
	GlobalSection(ExtensibilityGlobals) = postSolution
		SolutionGuid = {D6AC338E-C2B7-4949-A703-DD5796087DC7}
	EndGlobalSection
EndGlobal
